
Microsoft Visual Studio Solution File, Format Version 12.00
# Visual Studio 14
VisualStudioVersion = 14.0.24720.0
MinimumVisualStudioVersion = 10.0.40219.1
Project("{FAE04EC0-301F-11D3-BF4B-00C04F79EFBC}") = "01. TheBetterMusicProduce", "01. TheBetterMusicProduce\01. TheBetterMusicProduce.csproj", "{D1AB6AFB-FAF7-4DA5-A810-167361DBC1A5}"
EndProject
Project("{FAE04EC0-301F-11D3-BF4B-00C04F79EFBC}") = "02. GrandTheftExamo", "02. GrandTheftExamo\02. GrandTheftExamo.csproj", "{D5FFD442-3E38-44E2-A606-C3A8BB444078}"
EndProject
Global
	GlobalSection(SolutionConfigurationPlatforms) = preSolution
		Debug|Any CPU = Debug|Any CPU
		Release|Any CPU = Release|Any CPU
	EndGlobalSection
	GlobalSection(ProjectConfigurationPlatforms) = postSolution
		{D1AB6AFB-FAF7-4DA5-A810-167361DBC1A5}.Debug|Any CPU.ActiveCfg = Debug|Any CPU
		{D1AB6AFB-FAF7-4DA5-A810-167361DBC1A5}.Debug|Any CPU.Build.0 = Debug|Any CPU
		{D1AB6AFB-FAF7-4DA5-A810-167361DBC1A5}.Release|Any CPU.ActiveCfg = Release|Any CPU
		{D1AB6AFB-FAF7-4DA5-A810-167361DBC1A5}.Release|Any CPU.Build.0 = Release|Any CPU
		{D5FFD442-3E38-44E2-A606-C3A8BB444078}.Debug|Any CPU.ActiveCfg = Debug|Any CPU
		{D5FFD442-3E38-44E2-A606-C3A8BB444078}.Debug|Any CPU.Build.0 = Debug|Any CPU
		{D5FFD442-3E38-44E2-A606-C3A8BB444078}.Release|Any CPU.ActiveCfg = Release|Any CPU
		{D5FFD442-3E38-44E2-A606-C3A8BB444078}.Release|Any CPU.Build.0 = Release|Any CPU
	EndGlobalSection
	GlobalSection(SolutionProperties) = preSolution
		HideSolutionNode = FALSE
	EndGlobalSection
EndGlobal
