
Microsoft Visual Studio Solution File, Format Version 12.00
# Visual Studio 14
VisualStudioVersion = 14.0.24720.0
MinimumVisualStudioVersion = 10.0.40219.1
Project("{FAE04EC0-301F-11D3-BF4B-00C04F79EFBC}") = "01. CsharpWriteRead", "CCource\01. CsharpWriteRead.csproj", "{FDEB73C6-2C73-49A1-90A2-443A36804EEB}"
EndProject
Project("{FAE04EC0-301F-11D3-BF4B-00C04F79EFBC}") = "02. ConditionalStatements", "ConditionalStatements\02. ConditionalStatements.csproj", "{995D07CC-4193-4B78-908C-831BB7771977}"
EndProject
Project("{FAE04EC0-301F-11D3-BF4B-00C04F79EFBC}") = "03. UsingSwitch", "UsingSwitch\03. UsingSwitch.csproj", "{6B614094-BA0C-4C7C-9954-787E452521BA}"
EndProject
Project("{FAE04EC0-301F-11D3-BF4B-00C04F79EFBC}") = "04. ConstantsEnums", "ConstantsEnums\04. ConstantsEnums.csproj", "{617CCBDB-2BB1-471E-AB4D-534A4A081EFA}"
EndProject
Project("{FAE04EC0-301F-11D3-BF4B-00C04F79EFBC}") = "05. Loops", "05. Loops\05. Loops.csproj", "{4B62367B-F75C-4F54-AB52-66392B612B3E}"
EndProject
Global
	GlobalSection(SolutionConfigurationPlatforms) = preSolution
		Debug|Any CPU = Debug|Any CPU
		Release|Any CPU = Release|Any CPU
	EndGlobalSection
	GlobalSection(ProjectConfigurationPlatforms) = postSolution
		{FDEB73C6-2C73-49A1-90A2-443A36804EEB}.Debug|Any CPU.ActiveCfg = Debug|Any CPU
		{FDEB73C6-2C73-49A1-90A2-443A36804EEB}.Debug|Any CPU.Build.0 = Debug|Any CPU
		{FDEB73C6-2C73-49A1-90A2-443A36804EEB}.Release|Any CPU.ActiveCfg = Release|Any CPU
		{FDEB73C6-2C73-49A1-90A2-443A36804EEB}.Release|Any CPU.Build.0 = Release|Any CPU
		{995D07CC-4193-4B78-908C-831BB7771977}.Debug|Any CPU.ActiveCfg = Debug|Any CPU
		{995D07CC-4193-4B78-908C-831BB7771977}.Debug|Any CPU.Build.0 = Debug|Any CPU
		{995D07CC-4193-4B78-908C-831BB7771977}.Release|Any CPU.ActiveCfg = Release|Any CPU
		{995D07CC-4193-4B78-908C-831BB7771977}.Release|Any CPU.Build.0 = Release|Any CPU
		{6B614094-BA0C-4C7C-9954-787E452521BA}.Debug|Any CPU.ActiveCfg = Debug|Any CPU
		{6B614094-BA0C-4C7C-9954-787E452521BA}.Debug|Any CPU.Build.0 = Debug|Any CPU
		{6B614094-BA0C-4C7C-9954-787E452521BA}.Release|Any CPU.ActiveCfg = Release|Any CPU
		{6B614094-BA0C-4C7C-9954-787E452521BA}.Release|Any CPU.Build.0 = Release|Any CPU
		{617CCBDB-2BB1-471E-AB4D-534A4A081EFA}.Debug|Any CPU.ActiveCfg = Debug|Any CPU
		{617CCBDB-2BB1-471E-AB4D-534A4A081EFA}.Debug|Any CPU.Build.0 = Debug|Any CPU
		{617CCBDB-2BB1-471E-AB4D-534A4A081EFA}.Release|Any CPU.ActiveCfg = Release|Any CPU
		{617CCBDB-2BB1-471E-AB4D-534A4A081EFA}.Release|Any CPU.Build.0 = Release|Any CPU
		{4B62367B-F75C-4F54-AB52-66392B612B3E}.Debug|Any CPU.ActiveCfg = Debug|Any CPU
		{4B62367B-F75C-4F54-AB52-66392B612B3E}.Debug|Any CPU.Build.0 = Debug|Any CPU
		{4B62367B-F75C-4F54-AB52-66392B612B3E}.Release|Any CPU.ActiveCfg = Release|Any CPU
		{4B62367B-F75C-4F54-AB52-66392B612B3E}.Release|Any CPU.Build.0 = Release|Any CPU
	EndGlobalSection
	GlobalSection(SolutionProperties) = preSolution
		HideSolutionNode = FALSE
	EndGlobalSection
EndGlobal
