
Microsoft Visual Studio Solution File, Format Version 12.00
# Visual Studio 14
VisualStudioVersion = 14.0.24720.0
MinimumVisualStudioVersion = 10.0.40219.1
Project("{FAE04EC0-301F-11D3-BF4B-00C04F79EFBC}") = "01. MatrixInitialization", "01. MatrixInitialization\01. MatrixInitialization.csproj", "{289B2201-A6F0-4D26-A5BF-7ACFBAAA7B4D}"
EndProject
Project("{FAE04EC0-301F-11D3-BF4B-00C04F79EFBC}") = "02. PrintingAmatrix", "02. PrintingAmatrix\02. PrintingAmatrix.csproj", "{680944A2-9521-4449-98DF-6CF97F33B858}"
EndProject
Project("{FAE04EC0-301F-11D3-BF4B-00C04F79EFBC}") = "03. ReadingMatrixFromConsole", "03. ReadingMatrixFromConsole\03. ReadingMatrixFromConsole.csproj", "{DB0AAF20-1E50-450B-9803-817036D684B4}"
EndProject
Global
	GlobalSection(SolutionConfigurationPlatforms) = preSolution
		Debug|Any CPU = Debug|Any CPU
		Release|Any CPU = Release|Any CPU
	EndGlobalSection
	GlobalSection(ProjectConfigurationPlatforms) = postSolution
		{289B2201-A6F0-4D26-A5BF-7ACFBAAA7B4D}.Debug|Any CPU.ActiveCfg = Debug|Any CPU
		{289B2201-A6F0-4D26-A5BF-7ACFBAAA7B4D}.Debug|Any CPU.Build.0 = Debug|Any CPU
		{289B2201-A6F0-4D26-A5BF-7ACFBAAA7B4D}.Release|Any CPU.ActiveCfg = Release|Any CPU
		{289B2201-A6F0-4D26-A5BF-7ACFBAAA7B4D}.Release|Any CPU.Build.0 = Release|Any CPU
		{680944A2-9521-4449-98DF-6CF97F33B858}.Debug|Any CPU.ActiveCfg = Debug|Any CPU
		{680944A2-9521-4449-98DF-6CF97F33B858}.Debug|Any CPU.Build.0 = Debug|Any CPU
		{680944A2-9521-4449-98DF-6CF97F33B858}.Release|Any CPU.ActiveCfg = Release|Any CPU
		{680944A2-9521-4449-98DF-6CF97F33B858}.Release|Any CPU.Build.0 = Release|Any CPU
		{DB0AAF20-1E50-450B-9803-817036D684B4}.Debug|Any CPU.ActiveCfg = Debug|Any CPU
		{DB0AAF20-1E50-450B-9803-817036D684B4}.Debug|Any CPU.Build.0 = Debug|Any CPU
		{DB0AAF20-1E50-450B-9803-817036D684B4}.Release|Any CPU.ActiveCfg = Release|Any CPU
		{DB0AAF20-1E50-450B-9803-817036D684B4}.Release|Any CPU.Build.0 = Release|Any CPU
	EndGlobalSection
	GlobalSection(SolutionProperties) = preSolution
		HideSolutionNode = FALSE
	EndGlobalSection
EndGlobal
