
Microsoft Visual Studio Solution File, Format Version 12.00
# Visual Studio 14
VisualStudioVersion = 14.0.24720.0
MinimumVisualStudioVersion = 10.0.40219.1
Project("{FAE04EC0-301F-11D3-BF4B-00C04F79EFBC}") = "TryParseWorking", "TryParseWorking\TryParseWorking.csproj", "{3BCC83D9-DB57-4A76-808D-6E6F25ACD41A}"
EndProject
Project("{FAE04EC0-301F-11D3-BF4B-00C04F79EFBC}") = "ConsoleReadkey", "ConsoleReadkey\ConsoleReadkey.csproj", "{A0DA5BE6-B249-4A70-AEE2-8B247E204E41}"
EndProject
Project("{FAE04EC0-301F-11D3-BF4B-00C04F79EFBC}") = "N^M", "N^M\N^M.csproj", "{F7F84945-5B6D-4BD6-9D4C-F70DBE6741F2}"
EndProject
Project("{FAE04EC0-301F-11D3-BF4B-00C04F79EFBC}") = "Array", "Array\Array.csproj", "{8135F29B-82D3-473F-8080-EA002CC4F0DD}"
EndProject
Project("{FAE04EC0-301F-11D3-BF4B-00C04F79EFBC}") = "ArrayInReverse", "ArrayInReverse\ArrayInReverse.csproj", "{72B33EF1-E7E6-43B3-B783-B8E3137CB56C}"
EndProject
Global
	GlobalSection(SolutionConfigurationPlatforms) = preSolution
		Debug|Any CPU = Debug|Any CPU
		Release|Any CPU = Release|Any CPU
	EndGlobalSection
	GlobalSection(ProjectConfigurationPlatforms) = postSolution
		{3BCC83D9-DB57-4A76-808D-6E6F25ACD41A}.Debug|Any CPU.ActiveCfg = Debug|Any CPU
		{3BCC83D9-DB57-4A76-808D-6E6F25ACD41A}.Debug|Any CPU.Build.0 = Debug|Any CPU
		{3BCC83D9-DB57-4A76-808D-6E6F25ACD41A}.Release|Any CPU.ActiveCfg = Release|Any CPU
		{3BCC83D9-DB57-4A76-808D-6E6F25ACD41A}.Release|Any CPU.Build.0 = Release|Any CPU
		{A0DA5BE6-B249-4A70-AEE2-8B247E204E41}.Debug|Any CPU.ActiveCfg = Debug|Any CPU
		{A0DA5BE6-B249-4A70-AEE2-8B247E204E41}.Debug|Any CPU.Build.0 = Debug|Any CPU
		{A0DA5BE6-B249-4A70-AEE2-8B247E204E41}.Release|Any CPU.ActiveCfg = Release|Any CPU
		{A0DA5BE6-B249-4A70-AEE2-8B247E204E41}.Release|Any CPU.Build.0 = Release|Any CPU
		{F7F84945-5B6D-4BD6-9D4C-F70DBE6741F2}.Debug|Any CPU.ActiveCfg = Debug|Any CPU
		{F7F84945-5B6D-4BD6-9D4C-F70DBE6741F2}.Debug|Any CPU.Build.0 = Debug|Any CPU
		{F7F84945-5B6D-4BD6-9D4C-F70DBE6741F2}.Release|Any CPU.ActiveCfg = Release|Any CPU
		{F7F84945-5B6D-4BD6-9D4C-F70DBE6741F2}.Release|Any CPU.Build.0 = Release|Any CPU
		{8135F29B-82D3-473F-8080-EA002CC4F0DD}.Debug|Any CPU.ActiveCfg = Debug|Any CPU
		{8135F29B-82D3-473F-8080-EA002CC4F0DD}.Debug|Any CPU.Build.0 = Debug|Any CPU
		{8135F29B-82D3-473F-8080-EA002CC4F0DD}.Release|Any CPU.ActiveCfg = Release|Any CPU
		{8135F29B-82D3-473F-8080-EA002CC4F0DD}.Release|Any CPU.Build.0 = Release|Any CPU
		{72B33EF1-E7E6-43B3-B783-B8E3137CB56C}.Debug|Any CPU.ActiveCfg = Debug|Any CPU
		{72B33EF1-E7E6-43B3-B783-B8E3137CB56C}.Debug|Any CPU.Build.0 = Debug|Any CPU
		{72B33EF1-E7E6-43B3-B783-B8E3137CB56C}.Release|Any CPU.ActiveCfg = Release|Any CPU
		{72B33EF1-E7E6-43B3-B783-B8E3137CB56C}.Release|Any CPU.Build.0 = Release|Any CPU
	EndGlobalSection
	GlobalSection(SolutionProperties) = preSolution
		HideSolutionNode = FALSE
	EndGlobalSection
EndGlobal
